// !$*UTF8*$!
{
	archiveVersion = 1;
	classes = {
	};
	objectVersion = 46;
	objects = {

/* Begin PBXBuildFile section */
		C8B190AF193990B400546074 /* Foundation.framework in Frameworks */ = {isa = PBXBuildFile; fileRef = C8B190AE193990B400546074 /* Foundation.framework */; };
		C8B190B1193990B400546074 /* CoreGraphics.framework in Frameworks */ = {isa = PBXBuildFile; fileRef = C8B190B0193990B400546074 /* CoreGraphics.framework */; };
		C8B190B3193990B400546074 /* UIKit.framework in Frameworks */ = {isa = PBXBuildFile; fileRef = C8B190B2193990B400546074 /* UIKit.framework */; };
		C8B190B9193990B400546074 /* InfoPlist.strings in Resources */ = {isa = PBXBuildFile; fileRef = C8B190B7193990B400546074 /* InfoPlist.strings */; };
		C8B190BB193990B400546074 /* main.m in Sources */ = {isa = PBXBuildFile; fileRef = C8B190BA193990B400546074 /* main.m */; };
		C8B190BF193990B400546074 /* BRAAppDelegate.m in Sources */ = {isa = PBXBuildFile; fileRef = C8B190BE193990B400546074 /* BRAAppDelegate.m */; };
		C8B190C2193990B400546074 /* Main.storyboard in Resources */ = {isa = PBXBuildFile; fileRef = C8B190C0193990B400546074 /* Main.storyboard */; };
		C8B190C5193990B400546074 /* BRAMasterViewController.m in Sources */ = {isa = PBXBuildFile; fileRef = C8B190C4193990B400546074 /* BRAMasterViewController.m */; };
		C8B190C8193990B400546074 /* BRADetailViewController.m in Sources */ = {isa = PBXBuildFile; fileRef = C8B190C7193990B400546074 /* BRADetailViewController.m */; };
		C8B190CA193990B400546074 /* Images.xcassets in Resources */ = {isa = PBXBuildFile; fileRef = C8B190C9193990B400546074 /* Images.xcassets */; };
		C8B190D1193990B400546074 /* XCTest.framework in Frameworks */ = {isa = PBXBuildFile; fileRef = C8B190D0193990B400546074 /* XCTest.framework */; };
		C8B190D2193990B400546074 /* Foundation.framework in Frameworks */ = {isa = PBXBuildFile; fileRef = C8B190AE193990B400546074 /* Foundation.framework */; };
		C8B190D3193990B400546074 /* UIKit.framework in Frameworks */ = {isa = PBXBuildFile; fileRef = C8B190B2193990B400546074 /* UIKit.framework */; };
		C8B190DB193990B400546074 /* InfoPlist.strings in Resources */ = {isa = PBXBuildFile; fileRef = C8B190D9193990B400546074 /* InfoPlist.strings */; };
		C8B190DD193990B400546074 /* BlogReaderTests.m in Sources */ = {isa = PBXBuildFile; fileRef = C8B190DC193990B400546074 /* BlogReaderTests.m */; };
/* End PBXBuildFile section */

/* Begin PBXContainerItemProxy section */
		C8B190D4193990B400546074 /* PBXContainerItemProxy */ = {
			isa = PBXContainerItemProxy;
			containerPortal = C8B190A3193990B400546074 /* Project object */;
			proxyType = 1;
			remoteGlobalIDString = C8B190AA193990B400546074;
			remoteInfo = BlogReader;
		};
/* End PBXContainerItemProxy section */

/* Begin PBXFileReference section */
		C8B190AB193990B400546074 /* BlogReader.app */ = {isa = PBXFileReference; explicitFileType = wrapper.application; includeInIndex = 0; path = BlogReader.app; sourceTree = BUILT_PRODUCTS_DIR; };
		C8B190AE193990B400546074 /* Foundation.framework */ = {isa = PBXFileReference; lastKnownFileType = wrapper.framework; name = Foundation.framework; path = System/Library/Frameworks/Foundation.framework; sourceTree = SDKROOT; };
		C8B190B0193990B400546074 /* CoreGraphics.framework */ = {isa = PBXFileReference; lastKnownFileType = wrapper.framework; name = CoreGraphics.framework; path = System/Library/Frameworks/CoreGraphics.framework; sourceTree = SDKROOT; };
		C8B190B2193990B400546074 /* UIKit.framework */ = {isa = PBXFileReference; lastKnownFileType = wrapper.framework; name = UIKit.framework; path = System/Library/Frameworks/UIKit.framework; sourceTree = SDKROOT; };
		C8B190B6193990B400546074 /* BlogReader-Info.plist */ = {isa = PBXFileReference; lastKnownFileType = text.plist.xml; path = "BlogReader-Info.plist"; sourceTree = "<group>"; };
		C8B190B8193990B400546074 /* en */ = {isa = PBXFileReference; lastKnownFileType = text.plist.strings; name = en; path = en.lproj/InfoPlist.strings; sourceTree = "<group>"; };
		C8B190BA193990B400546074 /* main.m */ = {isa = PBXFileReference; lastKnownFileType = sourcecode.c.objc; path = main.m; sourceTree = "<group>"; };
		C8B190BC193990B400546074 /* BlogReader-Prefix.pch */ = {isa = PBXFileReference; lastKnownFileType = sourcecode.c.h; path = "BlogReader-Prefix.pch"; sourceTree = "<group>"; };
		C8B190BD193990B400546074 /* BRAAppDelegate.h */ = {isa = PBXFileReference; lastKnownFileType = sourcecode.c.h; path = BRAAppDelegate.h; sourceTree = "<group>"; };
		C8B190BE193990B400546074 /* BRAAppDelegate.m */ = {isa = PBXFileReference; lastKnownFileType = sourcecode.c.objc; path = BRAAppDelegate.m; sourceTree = "<group>"; };
		C8B190C1193990B400546074 /* Base */ = {isa = PBXFileReference; lastKnownFileType = file.storyboard; name = Base; path = Base.lproj/Main.storyboard; sourceTree = "<group>"; };
		C8B190C3193990B400546074 /* BRAMasterViewController.h */ = {isa = PBXFileReference; lastKnownFileType = sourcecode.c.h; path = BRAMasterViewController.h; sourceTree = "<group>"; };
		C8B190C4193990B400546074 /* BRAMasterViewController.m */ = {isa = PBXFileReference; lastKnownFileType = sourcecode.c.objc; path = BRAMasterViewController.m; sourceTree = "<group>"; };
		C8B190C6193990B400546074 /* BRADetailViewController.h */ = {isa = PBXFileReference; lastKnownFileType = sourcecode.c.h; path = BRADetailViewController.h; sourceTree = "<group>"; };
		C8B190C7193990B400546074 /* BRADetailViewController.m */ = {isa = PBXFileReference; lastKnownFileType = sourcecode.c.objc; path = BRADetailViewController.m; sourceTree = "<group>"; };
		C8B190C9193990B400546074 /* Images.xcassets */ = {isa = PBXFileReference; lastKnownFileType = folder.assetcatalog; path = Images.xcassets; sourceTree = "<group>"; };
		C8B190CF193990B400546074 /* BlogReaderTests.xctest */ = {isa = PBXFileReference; explicitFileType = wrapper.cfbundle; includeInIndex = 0; path = BlogReaderTests.xctest; sourceTree = BUILT_PRODUCTS_DIR; };
		C8B190D0193990B400546074 /* XCTest.framework */ = {isa = PBXFileReference; lastKnownFileType = wrapper.framework; name = XCTest.framework; path = Library/Frameworks/XCTest.framework; sourceTree = DEVELOPER_DIR; };
		C8B190D8193990B400546074 /* BlogReaderTests-Info.plist */ = {isa = PBXFileReference; lastKnownFileType = text.plist.xml; path = "BlogReaderTests-Info.plist"; sourceTree = "<group>"; };
		C8B190DA193990B400546074 /* en */ = {isa = PBXFileReference; lastKnownFileType = text.plist.strings; name = en; path = en.lproj/InfoPlist.strings; sourceTree = "<group>"; };
		C8B190DC193990B400546074 /* BlogReaderTests.m */ = {isa = PBXFileReference; lastKnownFileType = sourcecode.c.objc; path = BlogReaderTests.m; sourceTree = "<group>"; };
/* End PBXFileReference section */

/* Begin PBXFrameworksBuildPhase section */
		C8B190A8193990B400546074 /* Frameworks */ = {
			isa = PBXFrameworksBuildPhase;
			buildActionMask = 2147483647;
			files = (
				C8B190B1193990B400546074 /* CoreGraphics.framework in Frameworks */,
				C8B190B3193990B400546074 /* UIKit.framework in Frameworks */,
				C8B190AF193990B400546074 /* Foundation.framework in Frameworks */,
			);
			runOnlyForDeploymentPostprocessing = 0;
		};
		C8B190CC193990B400546074 /* Frameworks */ = {
			isa = PBXFrameworksBuildPhase;
			buildActionMask = 2147483647;
			files = (
				C8B190D1193990B400546074 /* XCTest.framework in Frameworks */,
				C8B190D3193990B400546074 /* UIKit.framework in Frameworks */,
				C8B190D2193990B400546074 /* Foundation.framework in Frameworks */,
			);
			runOnlyForDeploymentPostprocessing = 0;
		};
/* End PBXFrameworksBuildPhase section */

/* Begin PBXGroup section */
		C8B190A2193990B400546074 = {
			isa = PBXGroup;
			children = (
				C8B190B4193990B400546074 /* BlogReader */,
				C8B190D6193990B400546074 /* BlogReaderTests */,
				C8B190AD193990B400546074 /* Frameworks */,
				C8B190AC193990B400546074 /* Products */,
			);
			sourceTree = "<group>";
		};
		C8B190AC193990B400546074 /* Products */ = {
			isa = PBXGroup;
			children = (
				C8B190AB193990B400546074 /* BlogReader.app */,
				C8B190CF193990B400546074 /* BlogReaderTests.xctest */,
			);
			name = Products;
			sourceTree = "<group>";
		};
		C8B190AD193990B400546074 /* Frameworks */ = {
			isa = PBXGroup;
			children = (
				C8B190AE193990B400546074 /* Foundation.framework */,
				C8B190B0193990B400546074 /* CoreGraphics.framework */,
				C8B190B2193990B400546074 /* UIKit.framework */,
				C8B190D0193990B400546074 /* XCTest.framework */,
			);
			name = Frameworks;
			sourceTree = "<group>";
		};
		C8B190B4193990B400546074 /* BlogReader */ = {
			isa = PBXGroup;
			children = (
				C8B190BD193990B400546074 /* BRAAppDelegate.h */,
				C8B190BE193990B400546074 /* BRAAppDelegate.m */,
				C8B190C0193990B400546074 /* Main.storyboard */,
				C8B190C3193990B400546074 /* BRAMasterViewController.h */,
				C8B190C4193990B400546074 /* BRAMasterViewController.m */,
				C8B190C6193990B400546074 /* BRADetailViewController.h */,
				C8B190C7193990B400546074 /* BRADetailViewController.m */,
				C8B190C9193990B400546074 /* Images.xcassets */,
				C8B190B5193990B400546074 /* Supporting Files */,
			);
			path = BlogReader;
			sourceTree = "<group>";
		};
		C8B190B5193990B400546074 /* Supporting Files */ = {
			isa = PBXGroup;
			children = (
				C8B190B6193990B400546074 /* BlogReader-Info.plist */,
				C8B190B7193990B400546074 /* InfoPlist.strings */,
				C8B190BA193990B400546074 /* main.m */,
				C8B190BC193990B400546074 /* BlogReader-Prefix.pch */,
			);
			name = "Supporting Files";
			sourceTree = "<group>";
		};
		C8B190D6193990B400546074 /* BlogReaderTests */ = {
			isa = PBXGroup;
			children = (
				C8B190DC193990B400546074 /* BlogReaderTests.m */,
				C8B190D7193990B400546074 /* Supporting Files */,
			);
			path = BlogReaderTests;
			sourceTree = "<group>";
		};
		C8B190D7193990B400546074 /* Supporting Files */ = {
			isa = PBXGroup;
			children = (
				C8B190D8193990B400546074 /* BlogReaderTests-Info.plist */,
				C8B190D9193990B400546074 /* InfoPlist.strings */,
			);
			name = "Supporting Files";
			sourceTree = "<group>";
		};
/* End PBXGroup section */

/* Begin PBXNativeTarget section */
		C8B190AA193990B400546074 /* BlogReader */ = {
			isa = PBXNativeTarget;
			buildConfigurationList = C8B190E0193990B400546074 /* Build configuration list for PBXNativeTarget "BlogReader" */;
			buildPhases = (
				C8B190A7193990B400546074 /* Sources */,
				C8B190A8193990B400546074 /* Frameworks */,
				C8B190A9193990B400546074 /* Resources */,
			);
			buildRules = (
			);
			dependencies = (
			);
			name = BlogReader;
			productName = BlogReader;
			productReference = C8B190AB193990B400546074 /* BlogReader.app */;
			productType = "com.apple.product-type.application";
		};
		C8B190CE193990B400546074 /* BlogReaderTests */ = {
			isa = PBXNativeTarget;
			buildConfigurationList = C8B190E3193990B400546074 /* Build configuration list for PBXNativeTarget "BlogReaderTests" */;
			buildPhases = (
				C8B190CB193990B400546074 /* Sources */,
				C8B190CC193990B400546074 /* Frameworks */,
				C8B190CD193990B400546074 /* Resources */,
			);
			buildRules = (
			);
			dependencies = (
				C8B190D5193990B400546074 /* PBXTargetDependency */,
			);
			name = BlogReaderTests;
			productName = BlogReaderTests;
			productReference = C8B190CF193990B400546074 /* BlogReaderTests.xctest */;
			productType = "com.apple.product-type.bundle.unit-test";
		};
/* End PBXNativeTarget section */

/* Begin PBXProject section */
		C8B190A3193990B400546074 /* Project object */ = {
			isa = PBXProject;
			attributes = {
				CLASSPREFIX = BRA;
				LastUpgradeCheck = 0510;
				ORGANIZATIONNAME = "Austen Johnson";
				TargetAttributes = {
					C8B190CE193990B400546074 = {
						TestTargetID = C8B190AA193990B400546074;
					};
				};
			};
			buildConfigurationList = C8B190A6193990B400546074 /* Build configuration list for PBXProject "BlogReader" */;
			compatibilityVersion = "Xcode 3.2";
			developmentRegion = English;
			hasScannedForEncodings = 0;
			knownRegions = (
				en,
				Base,
			);
			mainGroup = C8B190A2193990B400546074;
			productRefGroup = C8B190AC193990B400546074 /* Products */;
			projectDirPath = "";
			projectRoot = "";
			targets = (
				C8B190AA193990B400546074 /* BlogReader */,
				C8B190CE193990B400546074 /* BlogReaderTests */,
			);
		};
/* End PBXProject section */

/* Begin PBXResourcesBuildPhase section */
		C8B190A9193990B400546074 /* Resources */ = {
			isa = PBXResourcesBuildPhase;
			buildActionMask = 2147483647;
			files = (
				C8B190CA193990B400546074 /* Images.xcassets in Resources */,
				C8B190B9193990B400546074 /* InfoPlist.strings in Resources */,
				C8B190C2193990B400546074 /* Main.storyboard in Resources */,
			);
			runOnlyForDeploymentPostprocessing = 0;
		};
		C8B190CD193990B400546074 /* Resources */ = {
			isa = PBXResourcesBuildPhase;
			buildActionMask = 2147483647;
			files = (
				C8B190DB193990B400546074 /* InfoPlist.strings in Resources */,
			);
			runOnlyForDeploymentPostprocessing = 0;
		};
/* End PBXResourcesBuildPhase section */

/* Begin PBXSourcesBuildPhase section */
		C8B190A7193990B400546074 /* Sources */ = {
			isa = PBXSourcesBuildPhase;
			buildActionMask = 2147483647;
			files = (
				C8B190BF193990B400546074 /* BRAAppDelegate.m in Sources */,
				C8B190C5193990B400546074 /* BRAMasterViewController.m in Sources */,
				C8B190BB193990B400546074 /* main.m in Sources */,
				C8B190C8193990B400546074 /* BRADetailViewController.m in Sources */,
			);
			runOnlyForDeploymentPostprocessing = 0;
		};
		C8B190CB193990B400546074 /* Sources */ = {
			isa = PBXSourcesBuildPhase;
			buildActionMask = 2147483647;
			files = (
				C8B190DD193990B400546074 /* BlogReaderTests.m in Sources */,
			);
			runOnlyForDeploymentPostprocessing = 0;
		};
/* End PBXSourcesBuildPhase section */

/* Begin PBXTargetDependency section */
		C8B190D5193990B400546074 /* PBXTargetDependency */ = {
			isa = PBXTargetDependency;
			target = C8B190AA193990B400546074 /* BlogReader */;
			targetProxy = C8B190D4193990B400546074 /* PBXContainerItemProxy */;
		};
/* End PBXTargetDependency section */

/* Begin PBXVariantGroup section */
		C8B190B7193990B400546074 /* InfoPlist.strings */ = {
			isa = PBXVariantGroup;
			children = (
				C8B190B8193990B400546074 /* en */,
			);
			name = InfoPlist.strings;
			sourceTree = "<group>";
		};
		C8B190C0193990B400546074 /* Main.storyboard */ = {
			isa = PBXVariantGroup;
			children = (
				C8B190C1193990B400546074 /* Base */,
			);
			name = Main.storyboard;
			sourceTree = "<group>";
		};
		C8B190D9193990B400546074 /* InfoPlist.strings */ = {
			isa = PBXVariantGroup;
			children = (
				C8B190DA193990B400546074 /* en */,
			);
			name = InfoPlist.strings;
			sourceTree = "<group>";
		};
/* End PBXVariantGroup section */

/* Begin XCBuildConfiguration section */
		C8B190DE193990B400546074 /* Debug */ = {
			isa = XCBuildConfiguration;
			buildSettings = {
				ALWAYS_SEARCH_USER_PATHS = NO;
				CLANG_CXX_LANGUAGE_STANDARD = "gnu++0x";
				CLANG_CXX_LIBRARY = "libc++";
				CLANG_ENABLE_MODULES = YES;
				CLANG_ENABLE_OBJC_ARC = YES;
				CLANG_WARN_BOOL_CONVERSION = YES;
				CLANG_WARN_CONSTANT_CONVERSION = YES;
				CLANG_WARN_DIRECT_OBJC_ISA_USAGE = YES_ERROR;
				CLANG_WARN_EMPTY_BODY = YES;
				CLANG_WARN_ENUM_CONVERSION = YES;
				CLANG_WARN_INT_CONVERSION = YES;
				CLANG_WARN_OBJC_ROOT_CLASS = YES_ERROR;
				CLANG_WARN__DUPLICATE_METHOD_MATCH = YES;
				"CODE_SIGN_IDENTITY[sdk=iphoneos*]" = "iPhone Developer";
				COPY_PHASE_STRIP = NO;
				GCC_C_LANGUAGE_STANDARD = gnu99;
				GCC_DYNAMIC_NO_PIC = NO;
				GCC_OPTIMIZATION_LEVEL = 0;
				GCC_PREPROCESSOR_DEFINITIONS = (
					"DEBUG=1",
					"$(inherited)",
				);
				GCC_SYMBOLS_PRIVATE_EXTERN = NO;
				GCC_WARN_64_TO_32_BIT_CONVERSION = YES;
				GCC_WARN_ABOUT_RETURN_TYPE = YES_ERROR;
				GCC_WARN_UNDECLARED_SELECTOR = YES;
				GCC_WARN_UNINITIALIZED_AUTOS = YES_AGGRESSIVE;
				GCC_WARN_UNUSED_FUNCTION = YES;
				GCC_WARN_UNUSED_VARIABLE = YES;
				IPHONEOS_DEPLOYMENT_TARGET = 7.1;
				ONLY_ACTIVE_ARCH = YES;
				SDKROOT = iphoneos;
			};
			name = Debug;
		};
		C8B190DF193990B400546074 /* Release */ = {
			isa = XCBuildConfiguration;
			buildSettings = {
				ALWAYS_SEARCH_USER_PATHS = NO;
				CLANG_CXX_LANGUAGE_STANDARD = "gnu++0x";
				CLANG_CXX_LIBRARY = "libc++";
				CLANG_ENABLE_MODULES = YES;
				CLANG_ENABLE_OBJC_ARC = YES;
				CLANG_WARN_BOOL_CONVERSION = YES;
				CLANG_WARN_CONSTANT_CONVERSION = YES;
				CLANG_WARN_DIRECT_OBJC_ISA_USAGE = YES_ERROR;
				CLANG_WARN_EMPTY_BODY = YES;
				CLANG_WARN_ENUM_CONVERSION = YES;
				CLANG_WARN_INT_CONVERSION = YES;
				CLANG_WARN_OBJC_ROOT_CLASS = YES_ERROR;
				CLANG_WARN__DUPLICATE_METHOD_MATCH = YES;
				"CODE_SIGN_IDENTITY[sdk=iphoneos*]" = "iPhone Developer";
				COPY_PHASE_STRIP = YES;
				ENABLE_NS_ASSERTIONS = NO;
				GCC_C_LANGUAGE_STANDARD = gnu99;
				GCC_WARN_64_TO_32_BIT_CONVERSION = YES;
				GCC_WARN_ABOUT_RETURN_TYPE = YES_ERROR;
				GCC_WARN_UNDECLARED_SELECTOR = YES;
				GCC_WARN_UNINITIALIZED_AUTOS = YES_AGGRESSIVE;
				GCC_WARN_UNUSED_FUNCTION = YES;
				GCC_WARN_UNUSED_VARIABLE = YES;
				IPHONEOS_DEPLOYMENT_TARGET = 7.1;
				SDKROOT = iphoneos;
				VALIDATE_PRODUCT = YES;
			};
			name = Release;
		};
		C8B190E1193990B400546074 /* Debug */ = {
			isa = XCBuildConfiguration;
			buildSettings = {
				ASSETCATALOG_COMPILER_APPICON_NAME = AppIcon;
				ASSETCATALOG_COMPILER_LAUNCHIMAGE_NAME = LaunchImage;
				GCC_PRECOMPILE_PREFIX_HEADER = YES;
				GCC_PREFIX_HEADER = "BlogReader/BlogReader-Prefix.pch";
				INFOPLIST_FILE = "BlogReader/BlogReader-Info.plist";
				PRODUCT_NAME = "$(TARGET_NAME)";
				WRAPPER_EXTENSION = app;
			};
			name = Debug;
		};
		C8B190E2193990B400546074 /* Release */ = {
			isa = XCBuildConfiguration;
			buildSettings = {
				ASSETCATALOG_COMPILER_APPICON_NAME = AppIcon;
				ASSETCATALOG_COMPILER_LAUNCHIMAGE_NAME = LaunchImage;
				GCC_PRECOMPILE_PREFIX_HEADER = YES;
				GCC_PREFIX_HEADER = "BlogReader/BlogReader-Prefix.pch";
				INFOPLIST_FILE = "BlogReader/BlogReader-Info.plist";
				PRODUCT_NAME = "$(TARGET_NAME)";
				WRAPPER_EXTENSION = app;
			};
			name = Release;
		};
		C8B190E4193990B400546074 /* Debug */ = {
			isa = XCBuildConfiguration;
			buildSettings = {
				BUNDLE_LOADER = "$(BUILT_PRODUCTS_DIR)/BlogReader.app/BlogReader";
				FRAMEWORK_SEARCH_PATHS = (
					"$(SDKROOT)/Developer/Library/Frameworks",
					"$(inherited)",
					"$(DEVELOPER_FRAMEWORKS_DIR)",
				);
				GCC_PRECOMPILE_PREFIX_HEADER = YES;
				GCC_PREFIX_HEADER = "BlogReader/BlogReader-Prefix.pch";
				GCC_PREPROCESSOR_DEFINITIONS = (
					"DEBUG=1",
					"$(inherited)",
				);
				INFOPLIST_FILE = "BlogReaderTests/BlogReaderTests-Info.plist";
				PRODUCT_NAME = "$(TARGET_NAME)";
				TEST_HOST = "$(BUNDLE_LOADER)";
				WRAPPER_EXTENSION = xctest;
			};
			name = Debug;
		};
		C8B190E5193990B400546074 /* Release */ = {
			isa = XCBuildConfiguration;
			buildSettings = {
				BUNDLE_LOADER = "$(BUILT_PRODUCTS_DIR)/BlogReader.app/BlogReader";
				FRAMEWORK_SEARCH_PATHS = (
					"$(SDKROOT)/Developer/Library/Frameworks",
					"$(inherited)",
					"$(DEVELOPER_FRAMEWORKS_DIR)",
				);
				GCC_PRECOMPILE_PREFIX_HEADER = YES;
				GCC_PREFIX_HEADER = "BlogReader/BlogReader-Prefix.pch";
				INFOPLIST_FILE = "BlogReaderTests/BlogReaderTests-Info.plist";
				PRODUCT_NAME = "$(TARGET_NAME)";
				TEST_HOST = "$(BUNDLE_LOADER)";
				WRAPPER_EXTENSION = xctest;
			};
			name = Release;
		};
/* End XCBuildConfiguration section */

/* Begin XCConfigurationList section */
		C8B190A6193990B400546074 /* Build configuration list for PBXProject "BlogReader" */ = {
			isa = XCConfigurationList;
			buildConfigurations = (
				C8B190DE193990B400546074 /* Debug */,
				C8B190DF193990B400546074 /* Release */,
			);
			defaultConfigurationIsVisible = 0;
			defaultConfigurationName = Release;
		};
		C8B190E0193990B400546074 /* Build configuration list for PBXNativeTarget "BlogReader" */ = {
			isa = XCConfigurationList;
			buildConfigurations = (
				C8B190E1193990B400546074 /* Debug */,
				C8B190E2193990B400546074 /* Release */,
			);
			defaultConfigurationIsVisible = 0;
		};
		C8B190E3193990B400546074 /* Build configuration list for PBXNativeTarget "BlogReaderTests" */ = {
			isa = XCConfigurationList;
			buildConfigurations = (
				C8B190E4193990B400546074 /* Debug */,
				C8B190E5193990B400546074 /* Release */,
			);
			defaultConfigurationIsVisible = 0;
		};
/* End XCConfigurationList section */
	};
	rootObject = C8B190A3193990B400546074 /* Project object */;
}
