// !$*UTF8*$!
{
	archiveVersion = 1;
	classes = {
	};
	objectVersion = 46;
	objects = {

/* Begin PBXBuildFile section */
		C8988F671939A5C1000E0F36 /* BRATableViewController.m in Sources */ = {isa = PBXBuildFile; fileRef = C8988F661939A5C1000E0F36 /* BRATableViewController.m */; };
		C8988F6A193A45C8000E0F36 /* BRABlogPost.m in Sources */ = {isa = PBXBuildFile; fileRef = C8988F69193A45C8000E0F36 /* BRABlogPost.m */; };
		C89FC07F1958A58900C533E3 /* BRAWebViewController.m in Sources */ = {isa = PBXBuildFile; fileRef = C89FC07E1958A58900C533E3 /* BRAWebViewController.m */; };
		C8B190F31939A32C00546074 /* Foundation.framework in Frameworks */ = {isa = PBXBuildFile; fileRef = C8B190F21939A32C00546074 /* Foundation.framework */; };
		C8B190F51939A32C00546074 /* CoreGraphics.framework in Frameworks */ = {isa = PBXBuildFile; fileRef = C8B190F41939A32C00546074 /* CoreGraphics.framework */; };
		C8B190F71939A32C00546074 /* UIKit.framework in Frameworks */ = {isa = PBXBuildFile; fileRef = C8B190F61939A32C00546074 /* UIKit.framework */; };
		C8B190FD1939A32C00546074 /* InfoPlist.strings in Resources */ = {isa = PBXBuildFile; fileRef = C8B190FB1939A32C00546074 /* InfoPlist.strings */; };
		C8B190FF1939A32D00546074 /* main.m in Sources */ = {isa = PBXBuildFile; fileRef = C8B190FE1939A32D00546074 /* main.m */; };
		C8B191031939A32D00546074 /* BRAAppDelegate.m in Sources */ = {isa = PBXBuildFile; fileRef = C8B191021939A32D00546074 /* BRAAppDelegate.m */; };
		C8B191051939A32D00546074 /* Images.xcassets in Resources */ = {isa = PBXBuildFile; fileRef = C8B191041939A32D00546074 /* Images.xcassets */; };
		C8B1910C1939A32D00546074 /* XCTest.framework in Frameworks */ = {isa = PBXBuildFile; fileRef = C8B1910B1939A32D00546074 /* XCTest.framework */; };
		C8B1910D1939A32D00546074 /* Foundation.framework in Frameworks */ = {isa = PBXBuildFile; fileRef = C8B190F21939A32C00546074 /* Foundation.framework */; };
		C8B1910E1939A32D00546074 /* UIKit.framework in Frameworks */ = {isa = PBXBuildFile; fileRef = C8B190F61939A32C00546074 /* UIKit.framework */; };
		C8B191161939A32D00546074 /* InfoPlist.strings in Resources */ = {isa = PBXBuildFile; fileRef = C8B191141939A32D00546074 /* InfoPlist.strings */; };
		C8B191181939A32D00546074 /* BloggingTests.m in Sources */ = {isa = PBXBuildFile; fileRef = C8B191171939A32D00546074 /* BloggingTests.m */; };
		C8B191221939A37800546074 /* Storyboard.storyboard in Resources */ = {isa = PBXBuildFile; fileRef = C8B191211939A37800546074 /* Storyboard.storyboard */; };
/* End PBXBuildFile section */

/* Begin PBXContainerItemProxy section */
		C8B1910F1939A32D00546074 /* PBXContainerItemProxy */ = {
			isa = PBXContainerItemProxy;
			containerPortal = C8B190E71939A32C00546074 /* Project object */;
			proxyType = 1;
			remoteGlobalIDString = C8B190EE1939A32C00546074;
			remoteInfo = Blogging;
		};
/* End PBXContainerItemProxy section */

/* Begin PBXFileReference section */
		C8988F651939A5C1000E0F36 /* BRATableViewController.h */ = {isa = PBXFileReference; fileEncoding = 4; lastKnownFileType = sourcecode.c.h; path = BRATableViewController.h; sourceTree = "<group>"; };
		C8988F661939A5C1000E0F36 /* BRATableViewController.m */ = {isa = PBXFileReference; fileEncoding = 4; lastKnownFileType = sourcecode.c.objc; path = BRATableViewController.m; sourceTree = "<group>"; };
		C8988F68193A45C8000E0F36 /* BRABlogPost.h */ = {isa = PBXFileReference; fileEncoding = 4; lastKnownFileType = sourcecode.c.h; path = BRABlogPost.h; sourceTree = "<group>"; };
		C8988F69193A45C8000E0F36 /* BRABlogPost.m */ = {isa = PBXFileReference; fileEncoding = 4; lastKnownFileType = sourcecode.c.objc; path = BRABlogPost.m; sourceTree = "<group>"; };
		C89FC07D1958A58900C533E3 /* BRAWebViewController.h */ = {isa = PBXFileReference; fileEncoding = 4; lastKnownFileType = sourcecode.c.h; path = BRAWebViewController.h; sourceTree = "<group>"; };
		C89FC07E1958A58900C533E3 /* BRAWebViewController.m */ = {isa = PBXFileReference; fileEncoding = 4; lastKnownFileType = sourcecode.c.objc; path = BRAWebViewController.m; sourceTree = "<group>"; };
		C8B190EF1939A32C00546074 /* Blogging.app */ = {isa = PBXFileReference; explicitFileType = wrapper.application; includeInIndex = 0; path = Blogging.app; sourceTree = BUILT_PRODUCTS_DIR; };
		C8B190F21939A32C00546074 /* Foundation.framework */ = {isa = PBXFileReference; lastKnownFileType = wrapper.framework; name = Foundation.framework; path = System/Library/Frameworks/Foundation.framework; sourceTree = SDKROOT; };
		C8B190F41939A32C00546074 /* CoreGraphics.framework */ = {isa = PBXFileReference; lastKnownFileType = wrapper.framework; name = CoreGraphics.framework; path = System/Library/Frameworks/CoreGraphics.framework; sourceTree = SDKROOT; };
		C8B190F61939A32C00546074 /* UIKit.framework */ = {isa = PBXFileReference; lastKnownFileType = wrapper.framework; name = UIKit.framework; path = System/Library/Frameworks/UIKit.framework; sourceTree = SDKROOT; };
		C8B190FA1939A32C00546074 /* Blogging-Info.plist */ = {isa = PBXFileReference; lastKnownFileType = text.plist.xml; path = "Blogging-Info.plist"; sourceTree = "<group>"; };
		C8B190FC1939A32C00546074 /* en */ = {isa = PBXFileReference; lastKnownFileType = text.plist.strings; name = en; path = en.lproj/InfoPlist.strings; sourceTree = "<group>"; };
		C8B190FE1939A32D00546074 /* main.m */ = {isa = PBXFileReference; lastKnownFileType = sourcecode.c.objc; path = main.m; sourceTree = "<group>"; };
		C8B191001939A32D00546074 /* Blogging-Prefix.pch */ = {isa = PBXFileReference; lastKnownFileType = sourcecode.c.h; path = "Blogging-Prefix.pch"; sourceTree = "<group>"; };
		C8B191011939A32D00546074 /* BRAAppDelegate.h */ = {isa = PBXFileReference; lastKnownFileType = sourcecode.c.h; path = BRAAppDelegate.h; sourceTree = "<group>"; };
		C8B191021939A32D00546074 /* BRAAppDelegate.m */ = {isa = PBXFileReference; lastKnownFileType = sourcecode.c.objc; path = BRAAppDelegate.m; sourceTree = "<group>"; };
		C8B191041939A32D00546074 /* Images.xcassets */ = {isa = PBXFileReference; lastKnownFileType = folder.assetcatalog; path = Images.xcassets; sourceTree = "<group>"; };
		C8B1910A1939A32D00546074 /* BloggingTests.xctest */ = {isa = PBXFileReference; explicitFileType = wrapper.cfbundle; includeInIndex = 0; path = BloggingTests.xctest; sourceTree = BUILT_PRODUCTS_DIR; };
		C8B1910B1939A32D00546074 /* XCTest.framework */ = {isa = PBXFileReference; lastKnownFileType = wrapper.framework; name = XCTest.framework; path = Library/Frameworks/XCTest.framework; sourceTree = DEVELOPER_DIR; };
		C8B191131939A32D00546074 /* BloggingTests-Info.plist */ = {isa = PBXFileReference; lastKnownFileType = text.plist.xml; path = "BloggingTests-Info.plist"; sourceTree = "<group>"; };
		C8B191151939A32D00546074 /* en */ = {isa = PBXFileReference; lastKnownFileType = text.plist.strings; name = en; path = en.lproj/InfoPlist.strings; sourceTree = "<group>"; };
		C8B191171939A32D00546074 /* BloggingTests.m */ = {isa = PBXFileReference; lastKnownFileType = sourcecode.c.objc; path = BloggingTests.m; sourceTree = "<group>"; };
		C8B191211939A37800546074 /* Storyboard.storyboard */ = {isa = PBXFileReference; fileEncoding = 4; lastKnownFileType = file.storyboard; path = Storyboard.storyboard; sourceTree = "<group>"; };
/* End PBXFileReference section */

/* Begin PBXFrameworksBuildPhase section */
		C8B190EC1939A32C00546074 /* Frameworks */ = {
			isa = PBXFrameworksBuildPhase;
			buildActionMask = 2147483647;
			files = (
				C8B190F51939A32C00546074 /* CoreGraphics.framework in Frameworks */,
				C8B190F71939A32C00546074 /* UIKit.framework in Frameworks */,
				C8B190F31939A32C00546074 /* Foundation.framework in Frameworks */,
			);
			runOnlyForDeploymentPostprocessing = 0;
		};
		C8B191071939A32D00546074 /* Frameworks */ = {
			isa = PBXFrameworksBuildPhase;
			buildActionMask = 2147483647;
			files = (
				C8B1910C1939A32D00546074 /* XCTest.framework in Frameworks */,
				C8B1910E1939A32D00546074 /* UIKit.framework in Frameworks */,
				C8B1910D1939A32D00546074 /* Foundation.framework in Frameworks */,
			);
			runOnlyForDeploymentPostprocessing = 0;
		};
/* End PBXFrameworksBuildPhase section */

/* Begin PBXGroup section */
		C8B190E61939A32C00546074 = {
			isa = PBXGroup;
			children = (
				C89FC07D1958A58900C533E3 /* BRAWebViewController.h */,
				C89FC07E1958A58900C533E3 /* BRAWebViewController.m */,
				C8988F68193A45C8000E0F36 /* BRABlogPost.h */,
				C8988F69193A45C8000E0F36 /* BRABlogPost.m */,
				C8988F651939A5C1000E0F36 /* BRATableViewController.h */,
				C8988F661939A5C1000E0F36 /* BRATableViewController.m */,
				C8B191211939A37800546074 /* Storyboard.storyboard */,
				C8B190F81939A32C00546074 /* Blogging */,
				C8B191111939A32D00546074 /* BloggingTests */,
				C8B190F11939A32C00546074 /* Frameworks */,
				C8B190F01939A32C00546074 /* Products */,
			);
			sourceTree = "<group>";
		};
		C8B190F01939A32C00546074 /* Products */ = {
			isa = PBXGroup;
			children = (
				C8B190EF1939A32C00546074 /* Blogging.app */,
				C8B1910A1939A32D00546074 /* BloggingTests.xctest */,
			);
			name = Products;
			sourceTree = "<group>";
		};
		C8B190F11939A32C00546074 /* Frameworks */ = {
			isa = PBXGroup;
			children = (
				C8B190F21939A32C00546074 /* Foundation.framework */,
				C8B190F41939A32C00546074 /* CoreGraphics.framework */,
				C8B190F61939A32C00546074 /* UIKit.framework */,
				C8B1910B1939A32D00546074 /* XCTest.framework */,
			);
			name = Frameworks;
			sourceTree = "<group>";
		};
		C8B190F81939A32C00546074 /* Blogging */ = {
			isa = PBXGroup;
			children = (
				C8B191011939A32D00546074 /* BRAAppDelegate.h */,
				C8B191021939A32D00546074 /* BRAAppDelegate.m */,
				C8B191041939A32D00546074 /* Images.xcassets */,
				C8B190F91939A32C00546074 /* Supporting Files */,
			);
			path = Blogging;
			sourceTree = "<group>";
		};
		C8B190F91939A32C00546074 /* Supporting Files */ = {
			isa = PBXGroup;
			children = (
				C8B190FA1939A32C00546074 /* Blogging-Info.plist */,
				C8B190FB1939A32C00546074 /* InfoPlist.strings */,
				C8B190FE1939A32D00546074 /* main.m */,
				C8B191001939A32D00546074 /* Blogging-Prefix.pch */,
			);
			name = "Supporting Files";
			sourceTree = "<group>";
		};
		C8B191111939A32D00546074 /* BloggingTests */ = {
			isa = PBXGroup;
			children = (
				C8B191171939A32D00546074 /* BloggingTests.m */,
				C8B191121939A32D00546074 /* Supporting Files */,
			);
			path = BloggingTests;
			sourceTree = "<group>";
		};
		C8B191121939A32D00546074 /* Supporting Files */ = {
			isa = PBXGroup;
			children = (
				C8B191131939A32D00546074 /* BloggingTests-Info.plist */,
				C8B191141939A32D00546074 /* InfoPlist.strings */,
			);
			name = "Supporting Files";
			sourceTree = "<group>";
		};
/* End PBXGroup section */

/* Begin PBXNativeTarget section */
		C8B190EE1939A32C00546074 /* Blogging */ = {
			isa = PBXNativeTarget;
			buildConfigurationList = C8B1911B1939A32D00546074 /* Build configuration list for PBXNativeTarget "Blogging" */;
			buildPhases = (
				C8B190EB1939A32C00546074 /* Sources */,
				C8B190EC1939A32C00546074 /* Frameworks */,
				C8B190ED1939A32C00546074 /* Resources */,
			);
			buildRules = (
			);
			dependencies = (
			);
			name = Blogging;
			productName = Blogging;
			productReference = C8B190EF1939A32C00546074 /* Blogging.app */;
			productType = "com.apple.product-type.application";
		};
		C8B191091939A32D00546074 /* BloggingTests */ = {
			isa = PBXNativeTarget;
			buildConfigurationList = C8B1911E1939A32D00546074 /* Build configuration list for PBXNativeTarget "BloggingTests" */;
			buildPhases = (
				C8B191061939A32D00546074 /* Sources */,
				C8B191071939A32D00546074 /* Frameworks */,
				C8B191081939A32D00546074 /* Resources */,
			);
			buildRules = (
			);
			dependencies = (
				C8B191101939A32D00546074 /* PBXTargetDependency */,
			);
			name = BloggingTests;
			productName = BloggingTests;
			productReference = C8B1910A1939A32D00546074 /* BloggingTests.xctest */;
			productType = "com.apple.product-type.bundle.unit-test";
		};
/* End PBXNativeTarget section */

/* Begin PBXProject section */
		C8B190E71939A32C00546074 /* Project object */ = {
			isa = PBXProject;
			attributes = {
				CLASSPREFIX = BRA;
				LastUpgradeCheck = 0510;
				ORGANIZATIONNAME = "Austen Johnson";
				TargetAttributes = {
					C8B191091939A32D00546074 = {
						TestTargetID = C8B190EE1939A32C00546074;
					};
				};
			};
			buildConfigurationList = C8B190EA1939A32C00546074 /* Build configuration list for PBXProject "Blogging" */;
			compatibilityVersion = "Xcode 3.2";
			developmentRegion = English;
			hasScannedForEncodings = 0;
			knownRegions = (
				en,
			);
			mainGroup = C8B190E61939A32C00546074;
			productRefGroup = C8B190F01939A32C00546074 /* Products */;
			projectDirPath = "";
			projectRoot = "";
			targets = (
				C8B190EE1939A32C00546074 /* Blogging */,
				C8B191091939A32D00546074 /* BloggingTests */,
			);
		};
/* End PBXProject section */

/* Begin PBXResourcesBuildPhase section */
		C8B190ED1939A32C00546074 /* Resources */ = {
			isa = PBXResourcesBuildPhase;
			buildActionMask = 2147483647;
			files = (
				C8B190FD1939A32C00546074 /* InfoPlist.strings in Resources */,
				C8B191051939A32D00546074 /* Images.xcassets in Resources */,
				C8B191221939A37800546074 /* Storyboard.storyboard in Resources */,
			);
			runOnlyForDeploymentPostprocessing = 0;
		};
		C8B191081939A32D00546074 /* Resources */ = {
			isa = PBXResourcesBuildPhase;
			buildActionMask = 2147483647;
			files = (
				C8B191161939A32D00546074 /* InfoPlist.strings in Resources */,
			);
			runOnlyForDeploymentPostprocessing = 0;
		};
/* End PBXResourcesBuildPhase section */

/* Begin PBXSourcesBuildPhase section */
		C8B190EB1939A32C00546074 /* Sources */ = {
			isa = PBXSourcesBuildPhase;
			buildActionMask = 2147483647;
			files = (
				C8988F671939A5C1000E0F36 /* BRATableViewController.m in Sources */,
				C89FC07F1958A58900C533E3 /* BRAWebViewController.m in Sources */,
				C8B191031939A32D00546074 /* BRAAppDelegate.m in Sources */,
				C8B190FF1939A32D00546074 /* main.m in Sources */,
				C8988F6A193A45C8000E0F36 /* BRABlogPost.m in Sources */,
			);
			runOnlyForDeploymentPostprocessing = 0;
		};
		C8B191061939A32D00546074 /* Sources */ = {
			isa = PBXSourcesBuildPhase;
			buildActionMask = 2147483647;
			files = (
				C8B191181939A32D00546074 /* BloggingTests.m in Sources */,
			);
			runOnlyForDeploymentPostprocessing = 0;
		};
/* End PBXSourcesBuildPhase section */

/* Begin PBXTargetDependency section */
		C8B191101939A32D00546074 /* PBXTargetDependency */ = {
			isa = PBXTargetDependency;
			target = C8B190EE1939A32C00546074 /* Blogging */;
			targetProxy = C8B1910F1939A32D00546074 /* PBXContainerItemProxy */;
		};
/* End PBXTargetDependency section */

/* Begin PBXVariantGroup section */
		C8B190FB1939A32C00546074 /* InfoPlist.strings */ = {
			isa = PBXVariantGroup;
			children = (
				C8B190FC1939A32C00546074 /* en */,
			);
			name = InfoPlist.strings;
			sourceTree = "<group>";
		};
		C8B191141939A32D00546074 /* InfoPlist.strings */ = {
			isa = PBXVariantGroup;
			children = (
				C8B191151939A32D00546074 /* en */,
			);
			name = InfoPlist.strings;
			sourceTree = "<group>";
		};
/* End PBXVariantGroup section */

/* Begin XCBuildConfiguration section */
		C8B191191939A32D00546074 /* Debug */ = {
			isa = XCBuildConfiguration;
			buildSettings = {
				ALWAYS_SEARCH_USER_PATHS = NO;
				CLANG_CXX_LANGUAGE_STANDARD = "gnu++0x";
				CLANG_CXX_LIBRARY = "libc++";
				CLANG_ENABLE_MODULES = YES;
				CLANG_ENABLE_OBJC_ARC = YES;
				CLANG_WARN_BOOL_CONVERSION = YES;
				CLANG_WARN_CONSTANT_CONVERSION = YES;
				CLANG_WARN_DIRECT_OBJC_ISA_USAGE = YES_ERROR;
				CLANG_WARN_EMPTY_BODY = YES;
				CLANG_WARN_ENUM_CONVERSION = YES;
				CLANG_WARN_INT_CONVERSION = YES;
				CLANG_WARN_OBJC_ROOT_CLASS = YES_ERROR;
				CLANG_WARN__DUPLICATE_METHOD_MATCH = YES;
				"CODE_SIGN_IDENTITY[sdk=iphoneos*]" = "iPhone Developer";
				COPY_PHASE_STRIP = NO;
				GCC_C_LANGUAGE_STANDARD = gnu99;
				GCC_DYNAMIC_NO_PIC = NO;
				GCC_OPTIMIZATION_LEVEL = 0;
				GCC_PREPROCESSOR_DEFINITIONS = (
					"DEBUG=1",
					"$(inherited)",
				);
				GCC_SYMBOLS_PRIVATE_EXTERN = NO;
				GCC_WARN_64_TO_32_BIT_CONVERSION = YES;
				GCC_WARN_ABOUT_RETURN_TYPE = YES_ERROR;
				GCC_WARN_UNDECLARED_SELECTOR = YES;
				GCC_WARN_UNINITIALIZED_AUTOS = YES_AGGRESSIVE;
				GCC_WARN_UNUSED_FUNCTION = YES;
				GCC_WARN_UNUSED_VARIABLE = YES;
				IPHONEOS_DEPLOYMENT_TARGET = 7.1;
				ONLY_ACTIVE_ARCH = YES;
				SDKROOT = iphoneos;
			};
			name = Debug;
		};
		C8B1911A1939A32D00546074 /* Release */ = {
			isa = XCBuildConfiguration;
			buildSettings = {
				ALWAYS_SEARCH_USER_PATHS = NO;
				CLANG_CXX_LANGUAGE_STANDARD = "gnu++0x";
				CLANG_CXX_LIBRARY = "libc++";
				CLANG_ENABLE_MODULES = YES;
				CLANG_ENABLE_OBJC_ARC = YES;
				CLANG_WARN_BOOL_CONVERSION = YES;
				CLANG_WARN_CONSTANT_CONVERSION = YES;
				CLANG_WARN_DIRECT_OBJC_ISA_USAGE = YES_ERROR;
				CLANG_WARN_EMPTY_BODY = YES;
				CLANG_WARN_ENUM_CONVERSION = YES;
				CLANG_WARN_INT_CONVERSION = YES;
				CLANG_WARN_OBJC_ROOT_CLASS = YES_ERROR;
				CLANG_WARN__DUPLICATE_METHOD_MATCH = YES;
				"CODE_SIGN_IDENTITY[sdk=iphoneos*]" = "iPhone Developer";
				COPY_PHASE_STRIP = YES;
				ENABLE_NS_ASSERTIONS = NO;
				GCC_C_LANGUAGE_STANDARD = gnu99;
				GCC_WARN_64_TO_32_BIT_CONVERSION = YES;
				GCC_WARN_ABOUT_RETURN_TYPE = YES_ERROR;
				GCC_WARN_UNDECLARED_SELECTOR = YES;
				GCC_WARN_UNINITIALIZED_AUTOS = YES_AGGRESSIVE;
				GCC_WARN_UNUSED_FUNCTION = YES;
				GCC_WARN_UNUSED_VARIABLE = YES;
				IPHONEOS_DEPLOYMENT_TARGET = 7.1;
				SDKROOT = iphoneos;
				VALIDATE_PRODUCT = YES;
			};
			name = Release;
		};
		C8B1911C1939A32D00546074 /* Debug */ = {
			isa = XCBuildConfiguration;
			buildSettings = {
				ASSETCATALOG_COMPILER_APPICON_NAME = AppIcon;
				ASSETCATALOG_COMPILER_LAUNCHIMAGE_NAME = LaunchImage;
				GCC_PRECOMPILE_PREFIX_HEADER = YES;
				GCC_PREFIX_HEADER = "Blogging/Blogging-Prefix.pch";
				INFOPLIST_FILE = "Blogging/Blogging-Info.plist";
				PRODUCT_NAME = "$(TARGET_NAME)";
				WRAPPER_EXTENSION = app;
			};
			name = Debug;
		};
		C8B1911D1939A32D00546074 /* Release */ = {
			isa = XCBuildConfiguration;
			buildSettings = {
				ASSETCATALOG_COMPILER_APPICON_NAME = AppIcon;
				ASSETCATALOG_COMPILER_LAUNCHIMAGE_NAME = LaunchImage;
				GCC_PRECOMPILE_PREFIX_HEADER = YES;
				GCC_PREFIX_HEADER = "Blogging/Blogging-Prefix.pch";
				INFOPLIST_FILE = "Blogging/Blogging-Info.plist";
				PRODUCT_NAME = "$(TARGET_NAME)";
				WRAPPER_EXTENSION = app;
			};
			name = Release;
		};
		C8B1911F1939A32D00546074 /* Debug */ = {
			isa = XCBuildConfiguration;
			buildSettings = {
				BUNDLE_LOADER = "$(BUILT_PRODUCTS_DIR)/Blogging.app/Blogging";
				FRAMEWORK_SEARCH_PATHS = (
					"$(SDKROOT)/Developer/Library/Frameworks",
					"$(inherited)",
					"$(DEVELOPER_FRAMEWORKS_DIR)",
				);
				GCC_PRECOMPILE_PREFIX_HEADER = YES;
				GCC_PREFIX_HEADER = "Blogging/Blogging-Prefix.pch";
				GCC_PREPROCESSOR_DEFINITIONS = (
					"DEBUG=1",
					"$(inherited)",
				);
				INFOPLIST_FILE = "BloggingTests/BloggingTests-Info.plist";
				PRODUCT_NAME = "$(TARGET_NAME)";
				TEST_HOST = "$(BUNDLE_LOADER)";
				WRAPPER_EXTENSION = xctest;
			};
			name = Debug;
		};
		C8B191201939A32D00546074 /* Release */ = {
			isa = XCBuildConfiguration;
			buildSettings = {
				BUNDLE_LOADER = "$(BUILT_PRODUCTS_DIR)/Blogging.app/Blogging";
				FRAMEWORK_SEARCH_PATHS = (
					"$(SDKROOT)/Developer/Library/Frameworks",
					"$(inherited)",
					"$(DEVELOPER_FRAMEWORKS_DIR)",
				);
				GCC_PRECOMPILE_PREFIX_HEADER = YES;
				GCC_PREFIX_HEADER = "Blogging/Blogging-Prefix.pch";
				INFOPLIST_FILE = "BloggingTests/BloggingTests-Info.plist";
				PRODUCT_NAME = "$(TARGET_NAME)";
				TEST_HOST = "$(BUNDLE_LOADER)";
				WRAPPER_EXTENSION = xctest;
			};
			name = Release;
		};
/* End XCBuildConfiguration section */

/* Begin XCConfigurationList section */
		C8B190EA1939A32C00546074 /* Build configuration list for PBXProject "Blogging" */ = {
			isa = XCConfigurationList;
			buildConfigurations = (
				C8B191191939A32D00546074 /* Debug */,
				C8B1911A1939A32D00546074 /* Release */,
			);
			defaultConfigurationIsVisible = 0;
			defaultConfigurationName = Release;
		};
		C8B1911B1939A32D00546074 /* Build configuration list for PBXNativeTarget "Blogging" */ = {
			isa = XCConfigurationList;
			buildConfigurations = (
				C8B1911C1939A32D00546074 /* Debug */,
				C8B1911D1939A32D00546074 /* Release */,
			);
			defaultConfigurationIsVisible = 0;
			defaultConfigurationName = Release;
		};
		C8B1911E1939A32D00546074 /* Build configuration list for PBXNativeTarget "BloggingTests" */ = {
			isa = XCConfigurationList;
			buildConfigurations = (
				C8B1911F1939A32D00546074 /* Debug */,
				C8B191201939A32D00546074 /* Release */,
			);
			defaultConfigurationIsVisible = 0;
			defaultConfigurationName = Release;
		};
/* End XCConfigurationList section */
	};
	rootObject = C8B190E71939A32C00546074 /* Project object */;
}
